// !$*UTF8*$!
{
	archiveVersion = 1;
	classes = {
	};
	objectVersion = 55;
	objects = {

/* Begin PBXBuildFile section */
		446D5C63284D106A00628FB6 /* BaseStationLabApp.swift in Sources */ = {isa = PBXBuildFile; fileRef = 446D5C62284D106A00628FB6 /* BaseStationLabApp.swift */; };
		446D5C67284D106A00628FB6 /* Assets.xcassets in Resources */ = {isa = PBXBuildFile; fileRef = 446D5C66284D106A00628FB6 /* Assets.xcassets */; };
		446D5C6A284D106A00628FB6 /* Preview Assets.xcassets in Resources */ = {isa = PBXBuildFile; fileRef = 446D5C69284D106A00628FB6 /* Preview Assets.xcassets */; };
		446D5C73284D108300628FB6 /* StartView.swift in Sources */ = {isa = PBXBuildFile; fileRef = 446D5C72284D108300628FB6 /* StartView.swift */; };
		446D5C75284D10A200628FB6 /* StartViewCell.swift in Sources */ = {isa = PBXBuildFile; fileRef = 446D5C74284D10A200628FB6 /* StartViewCell.swift */; };
		446D5C77284D176D00628FB6 /* RegionsView.swift in Sources */ = {isa = PBXBuildFile; fileRef = 446D5C76284D176D00628FB6 /* RegionsView.swift */; };
		446D5C7A284D178A00628FB6 /* RegionsViewCell.swift in Sources */ = {isa = PBXBuildFile; fileRef = 446D5C79284D178A00628FB6 /* RegionsViewCell.swift */; };
		446D5C7C284D193D00628FB6 /* SettlementsView.swift in Sources */ = {isa = PBXBuildFile; fileRef = 446D5C7B284D193D00628FB6 /* SettlementsView.swift */; };
		446D5C7F284D196C00628FB6 /* SettlementsViewCell.swift in Sources */ = {isa = PBXBuildFile; fileRef = 446D5C7E284D196C00628FB6 /* SettlementsViewCell.swift */; };
		446D5C85284D1B8B00628FB6 /* NavigationController.swift in Sources */ = {isa = PBXBuildFile; fileRef = 446D5C84284D1B8B00628FB6 /* NavigationController.swift */; };
		446D5C88284D224300628FB6 /* BasesParser.swift in Sources */ = {isa = PBXBuildFile; fileRef = 446D5C87284D224300628FB6 /* BasesParser.swift */; };
		446D5C8B284D229800628FB6 /* Provider.swift in Sources */ = {isa = PBXBuildFile; fileRef = 446D5C8A284D229800628FB6 /* Provider.swift */; };
		446D5C8D284D22D400628FB6 /* Technolody.swift in Sources */ = {isa = PBXBuildFile; fileRef = 446D5C8C284D22D400628FB6 /* Technolody.swift */; };
		446D5C8F284D22FF00628FB6 /* DetailTechonology.swift in Sources */ = {isa = PBXBuildFile; fileRef = 446D5C8E284D22FF00628FB6 /* DetailTechonology.swift */; };
		446D5C91284D24FF00628FB6 /* ParserHelper.swift in Sources */ = {isa = PBXBuildFile; fileRef = 446D5C90284D24FF00628FB6 /* ParserHelper.swift */; };
		446D5C93284D288900628FB6 /* Sequence+Extension.swift in Sources */ = {isa = PBXBuildFile; fileRef = 446D5C92284D288900628FB6 /* Sequence+Extension.swift */; };
		44B16DF4284D2BEC008515F0 /* Database.swift in Sources */ = {isa = PBXBuildFile; fileRef = 44B16DF3284D2BEC008515F0 /* Database.swift */; };
		44B16DF7284D2C8B008515F0 /* BaseStation.swift in Sources */ = {isa = PBXBuildFile; fileRef = 44B16DF6284D2C8B008515F0 /* BaseStation.swift */; };
		44B16DFA284D2CE5008515F0 /* ParseMapper.swift in Sources */ = {isa = PBXBuildFile; fileRef = 44B16DF9284D2CE5008515F0 /* ParseMapper.swift */; };
		44B16DFE284D2D1B008515F0 /* Date+Extension.swift in Sources */ = {isa = PBXBuildFile; fileRef = 44B16DFB284D2D1B008515F0 /* Date+Extension.swift */; };
		44B16DFF284D2D1B008515F0 /* UIAplication+Extensions.swift in Sources */ = {isa = PBXBuildFile; fileRef = 44B16DFC284D2D1B008515F0 /* UIAplication+Extensions.swift */; };
		44B16E00284D2D1B008515F0 /* String+Extension.swift in Sources */ = {isa = PBXBuildFile; fileRef = 44B16DFD284D2D1B008515F0 /* String+Extension.swift */; };
		44B16E02284D2D3F008515F0 /* DataMapper.swift in Sources */ = {isa = PBXBuildFile; fileRef = 44B16E01284D2D3F008515F0 /* DataMapper.swift */; };
		44B16E05284D2D66008515F0 /* StringConstants.swift in Sources */ = {isa = PBXBuildFile; fileRef = 44B16E04284D2D66008515F0 /* StringConstants.swift */; };
		44B16E08284D2F57008515F0 /* BasesController.swift in Sources */ = {isa = PBXBuildFile; fileRef = 44B16E07284D2F57008515F0 /* BasesController.swift */; };
		44B16E0A284D336C008515F0 /* StartViewModel.swift in Sources */ = {isa = PBXBuildFile; fileRef = 44B16E09284D336C008515F0 /* StartViewModel.swift */; };
		44B16E0C284D33F6008515F0 /* StartCellModel.swift in Sources */ = {isa = PBXBuildFile; fileRef = 44B16E0B284D33F6008515F0 /* StartCellModel.swift */; };
		44B16E0E284D371D008515F0 /* BaseStationArray+Conversions+Extension.swift in Sources */ = {isa = PBXBuildFile; fileRef = 44B16E0D284D371D008515F0 /* BaseStationArray+Conversions+Extension.swift */; };
		44B16E10284D3B80008515F0 /* BaseStationArray+Filters+Extension.swift in Sources */ = {isa = PBXBuildFile; fileRef = 44B16E0F284D3B80008515F0 /* BaseStationArray+Filters+Extension.swift */; };
		44B16E12284D44E8008515F0 /* RegionsViewModel.swift in Sources */ = {isa = PBXBuildFile; fileRef = 44B16E11284D44E8008515F0 /* RegionsViewModel.swift */; };
		44B16E14284D4529008515F0 /* RegionCellModel.swift in Sources */ = {isa = PBXBuildFile; fileRef = 44B16E13284D4529008515F0 /* RegionCellModel.swift */; };
		44B16E16284D4A74008515F0 /* SettlementsViewModel.swift in Sources */ = {isa = PBXBuildFile; fileRef = 44B16E15284D4A74008515F0 /* SettlementsViewModel.swift */; };
		44B16E18284D4A82008515F0 /* SettlementCellModel.swift in Sources */ = {isa = PBXBuildFile; fileRef = 44B16E17284D4A82008515F0 /* SettlementCellModel.swift */; };
		44B16E1B284D4F35008515F0 /* BaseStationsFilters.swift in Sources */ = {isa = PBXBuildFile; fileRef = 44B16E1A284D4F35008515F0 /* BaseStationsFilters.swift */; };
		44B16E1E284D5DE5008515F0 /* FilterActionSheet.swift in Sources */ = {isa = PBXBuildFile; fileRef = 44B16E1D284D5DE5008515F0 /* FilterActionSheet.swift */; };
		44B16E21284D65B5008515F0 /* SortState.swift in Sources */ = {isa = PBXBuildFile; fileRef = 44B16E20284D65B5008515F0 /* SortState.swift */; };
		44B16E23284D6667008515F0 /* SortActionSheet.swift in Sources */ = {isa = PBXBuildFile; fileRef = 44B16E22284D6667008515F0 /* SortActionSheet.swift */; };
		860E32D4CC204605DBE3C84A /* Pods_BaseStationLab.framework in Frameworks */ = {isa = PBXBuildFile; fileRef = 6F13E98E3E2BC474C0D195AF /* Pods_BaseStationLab.framework */; };
/* End PBXBuildFile section */

/* Begin PBXFileReference section */
		446D5C5F284D106A00628FB6 /* BaseStationLab.app */ = {isa = PBXFileReference; explicitFileType = wrapper.application; includeInIndex = 0; path = BaseStationLab.app; sourceTree = BUILT_PRODUCTS_DIR; };
		446D5C62284D106A00628FB6 /* BaseStationLabApp.swift */ = {isa = PBXFileReference; lastKnownFileType = sourcecode.swift; path = BaseStationLabApp.swift; sourceTree = "<group>"; };
		446D5C66284D106A00628FB6 /* Assets.xcassets */ = {isa = PBXFileReference; lastKnownFileType = folder.assetcatalog; path = Assets.xcassets; sourceTree = "<group>"; };
		446D5C69284D106A00628FB6 /* Preview Assets.xcassets */ = {isa = PBXFileReference; lastKnownFileType = folder.assetcatalog; path = "Preview Assets.xcassets"; sourceTree = "<group>"; };
		446D5C72284D108300628FB6 /* StartView.swift */ = {isa = PBXFileReference; lastKnownFileType = sourcecode.swift; path = StartView.swift; sourceTree = "<group>"; };
		446D5C74284D10A200628FB6 /* StartViewCell.swift */ = {isa = PBXFileReference; lastKnownFileType = sourcecode.swift; path = StartViewCell.swift; sourceTree = "<group>"; };
		446D5C76284D176D00628FB6 /* RegionsView.swift */ = {isa = PBXFileReference; lastKnownFileType = sourcecode.swift; path = RegionsView.swift; sourceTree = "<group>"; };
		446D5C79284D178A00628FB6 /* RegionsViewCell.swift */ = {isa = PBXFileReference; lastKnownFileType = sourcecode.swift; path = RegionsViewCell.swift; sourceTree = "<group>"; };
		446D5C7B284D193D00628FB6 /* SettlementsView.swift */ = {isa = PBXFileReference; lastKnownFileType = sourcecode.swift; path = SettlementsView.swift; sourceTree = "<group>"; };
		446D5C7E284D196C00628FB6 /* SettlementsViewCell.swift */ = {isa = PBXFileReference; lastKnownFileType = sourcecode.swift; path = SettlementsViewCell.swift; sourceTree = "<group>"; };
		446D5C84284D1B8B00628FB6 /* NavigationController.swift */ = {isa = PBXFileReference; lastKnownFileType = sourcecode.swift; path = NavigationController.swift; sourceTree = "<group>"; };
		446D5C87284D224300628FB6 /* BasesParser.swift */ = {isa = PBXFileReference; lastKnownFileType = sourcecode.swift; path = BasesParser.swift; sourceTree = "<group>"; };
		446D5C8A284D229800628FB6 /* Provider.swift */ = {isa = PBXFileReference; lastKnownFileType = sourcecode.swift; path = Provider.swift; sourceTree = "<group>"; };
		446D5C8C284D22D400628FB6 /* Technolody.swift */ = {isa = PBXFileReference; lastKnownFileType = sourcecode.swift; path = Technolody.swift; sourceTree = "<group>"; };
		446D5C8E284D22FF00628FB6 /* DetailTechonology.swift */ = {isa = PBXFileReference; lastKnownFileType = sourcecode.swift; path = DetailTechonology.swift; sourceTree = "<group>"; };
		446D5C90284D24FF00628FB6 /* ParserHelper.swift */ = {isa = PBXFileReference; lastKnownFileType = sourcecode.swift; path = ParserHelper.swift; sourceTree = "<group>"; };
		446D5C92284D288900628FB6 /* Sequence+Extension.swift */ = {isa = PBXFileReference; lastKnownFileType = sourcecode.swift; path = "Sequence+Extension.swift"; sourceTree = "<group>"; };
		44B16DF3284D2BEC008515F0 /* Database.swift */ = {isa = PBXFileReference; lastKnownFileType = sourcecode.swift; path = Database.swift; sourceTree = "<group>"; };
		44B16DF6284D2C8B008515F0 /* BaseStation.swift */ = {isa = PBXFileReference; lastKnownFileType = sourcecode.swift; path = BaseStation.swift; sourceTree = "<group>"; };
		44B16DF9284D2CE5008515F0 /* ParseMapper.swift */ = {isa = PBXFileReference; lastKnownFileType = sourcecode.swift; path = ParseMapper.swift; sourceTree = "<group>"; };
		44B16DFB284D2D1B008515F0 /* Date+Extension.swift */ = {isa = PBXFileReference; fileEncoding = 4; lastKnownFileType = sourcecode.swift; path = "Date+Extension.swift"; sourceTree = "<group>"; };
		44B16DFC284D2D1B008515F0 /* UIAplication+Extensions.swift */ = {isa = PBXFileReference; fileEncoding = 4; lastKnownFileType = sourcecode.swift; path = "UIAplication+Extensions.swift"; sourceTree = "<group>"; };
		44B16DFD284D2D1B008515F0 /* String+Extension.swift */ = {isa = PBXFileReference; fileEncoding = 4; lastKnownFileType = sourcecode.swift; path = "String+Extension.swift"; sourceTree = "<group>"; };
		44B16E01284D2D3F008515F0 /* DataMapper.swift */ = {isa = PBXFileReference; lastKnownFileType = sourcecode.swift; path = DataMapper.swift; sourceTree = "<group>"; };
		44B16E04284D2D66008515F0 /* StringConstants.swift */ = {isa = PBXFileReference; lastKnownFileType = sourcecode.swift; path = StringConstants.swift; sourceTree = "<group>"; };
		44B16E07284D2F57008515F0 /* BasesController.swift */ = {isa = PBXFileReference; lastKnownFileType = sourcecode.swift; path = BasesController.swift; sourceTree = "<group>"; };
		44B16E09284D336C008515F0 /* StartViewModel.swift */ = {isa = PBXFileReference; lastKnownFileType = sourcecode.swift; path = StartViewModel.swift; sourceTree = "<group>"; };
		44B16E0B284D33F6008515F0 /* StartCellModel.swift */ = {isa = PBXFileReference; lastKnownFileType = sourcecode.swift; path = StartCellModel.swift; sourceTree = "<group>"; };
		44B16E0D284D371D008515F0 /* BaseStationArray+Conversions+Extension.swift */ = {isa = PBXFileReference; lastKnownFileType = sourcecode.swift; path = "BaseStationArray+Conversions+Extension.swift"; sourceTree = "<group>"; };
		44B16E0F284D3B80008515F0 /* BaseStationArray+Filters+Extension.swift */ = {isa = PBXFileReference; lastKnownFileType = sourcecode.swift; path = "BaseStationArray+Filters+Extension.swift"; sourceTree = "<group>"; };
		44B16E11284D44E8008515F0 /* RegionsViewModel.swift */ = {isa = PBXFileReference; lastKnownFileType = sourcecode.swift; path = RegionsViewModel.swift; sourceTree = "<group>"; };
		44B16E13284D4529008515F0 /* RegionCellModel.swift */ = {isa = PBXFileReference; lastKnownFileType = sourcecode.swift; path = RegionCellModel.swift; sourceTree = "<group>"; };
		44B16E15284D4A74008515F0 /* SettlementsViewModel.swift */ = {isa = PBXFileReference; lastKnownFileType = sourcecode.swift; path = SettlementsViewModel.swift; sourceTree = "<group>"; };
		44B16E17284D4A82008515F0 /* SettlementCellModel.swift */ = {isa = PBXFileReference; lastKnownFileType = sourcecode.swift; path = SettlementCellModel.swift; sourceTree = "<group>"; };
		44B16E1A284D4F35008515F0 /* BaseStationsFilters.swift */ = {isa = PBXFileReference; lastKnownFileType = sourcecode.swift; path = BaseStationsFilters.swift; sourceTree = "<group>"; };
		44B16E1D284D5DE5008515F0 /* FilterActionSheet.swift */ = {isa = PBXFileReference; lastKnownFileType = sourcecode.swift; path = FilterActionSheet.swift; sourceTree = "<group>"; };
		44B16E20284D65B5008515F0 /* SortState.swift */ = {isa = PBXFileReference; lastKnownFileType = sourcecode.swift; path = SortState.swift; sourceTree = "<group>"; };
		44B16E22284D6667008515F0 /* SortActionSheet.swift */ = {isa = PBXFileReference; lastKnownFileType = sourcecode.swift; path = SortActionSheet.swift; sourceTree = "<group>"; };
		6F13E98E3E2BC474C0D195AF /* Pods_BaseStationLab.framework */ = {isa = PBXFileReference; explicitFileType = wrapper.framework; includeInIndex = 0; path = Pods_BaseStationLab.framework; sourceTree = BUILT_PRODUCTS_DIR; };
		9F2BD98DE2BCE43394C55DBC /* Pods-BaseStationLab.release.xcconfig */ = {isa = PBXFileReference; includeInIndex = 1; lastKnownFileType = text.xcconfig; name = "Pods-BaseStationLab.release.xcconfig"; path = "Target Support Files/Pods-BaseStationLab/Pods-BaseStationLab.release.xcconfig"; sourceTree = "<group>"; };
		FA3BB56DCA8637E57026FCF2 /* Pods-BaseStationLab.debug.xcconfig */ = {isa = PBXFileReference; includeInIndex = 1; lastKnownFileType = text.xcconfig; name = "Pods-BaseStationLab.debug.xcconfig"; path = "Target Support Files/Pods-BaseStationLab/Pods-BaseStationLab.debug.xcconfig"; sourceTree = "<group>"; };
/* End PBXFileReference section */

/* Begin PBXFrameworksBuildPhase section */
		446D5C5C284D106A00628FB6 /* Frameworks */ = {
			isa = PBXFrameworksBuildPhase;
			buildActionMask = 2147483647;
			files = (
				860E32D4CC204605DBE3C84A /* Pods_BaseStationLab.framework in Frameworks */,
			);
			runOnlyForDeploymentPostprocessing = 0;
		};
/* End PBXFrameworksBuildPhase section */

/* Begin PBXGroup section */
		446D5C56284D106A00628FB6 = {
			isa = PBXGroup;
			children = (
				446D5C61284D106A00628FB6 /* BaseStationLab */,
				446D5C60284D106A00628FB6 /* Products */,
				DF93E691EC321796013FEDC8 /* Pods */,
				F5F1D8EBE52E0F602A8DF090 /* Frameworks */,
			);
			sourceTree = "<group>";
		};
		446D5C60284D106A00628FB6 /* Products */ = {
			isa = PBXGroup;
			children = (
				446D5C5F284D106A00628FB6 /* BaseStationLab.app */,
			);
			name = Products;
			sourceTree = "<group>";
		};
		446D5C61284D106A00628FB6 /* BaseStationLab */ = {
			isa = PBXGroup;
			children = (
				44B16E19284D4F10008515F0 /* Filters */,
				44B16E06284D2F44008515F0 /* DataManagment */,
				44B16E03284D2D5A008515F0 /* StringConstants */,
				44B16DF8284D2CD4008515F0 /* Mappers */,
				44B16DF5284D2C7F008515F0 /* Models */,
				44B16DF2284D2BE0008515F0 /* Database */,
				446D5C94284D288C00628FB6 /* Extensions */,
				446D5C89284D226B00628FB6 /* Enums */,
				446D5C86284D20C100628FB6 /* Parser */,
				446D5C83284D1B6F00628FB6 /* Navigation */,
				446D5C70284D107000628FB6 /* Views */,
				446D5C62284D106A00628FB6 /* BaseStationLabApp.swift */,
				446D5C66284D106A00628FB6 /* Assets.xcassets */,
				446D5C68284D106A00628FB6 /* Preview Content */,
			);
			path = BaseStationLab;
			sourceTree = "<group>";
		};
		446D5C68284D106A00628FB6 /* Preview Content */ = {
			isa = PBXGroup;
			children = (
				446D5C69284D106A00628FB6 /* Preview Assets.xcassets */,
			);
			path = "Preview Content";
			sourceTree = "<group>";
		};
		446D5C70284D107000628FB6 /* Views */ = {
			isa = PBXGroup;
			children = (
				44B16E1C284D5DC6008515F0 /* ViewHelper */,
				446D5C71284D107A00628FB6 /* StartView */,
				446D5C78284D177500628FB6 /* RegionsView */,
				446D5C7D284D194100628FB6 /* SettlementsView */,
			);
			path = Views;
			sourceTree = "<group>";
		};
		446D5C71284D107A00628FB6 /* StartView */ = {
			isa = PBXGroup;
			children = (
				446D5C72284D108300628FB6 /* StartView.swift */,
				446D5C74284D10A200628FB6 /* StartViewCell.swift */,
				44B16E0B284D33F6008515F0 /* StartCellModel.swift */,
				44B16E09284D336C008515F0 /* StartViewModel.swift */,
			);
			path = StartView;
			sourceTree = "<group>";
		};
		446D5C78284D177500628FB6 /* RegionsView */ = {
			isa = PBXGroup;
			children = (
				446D5C76284D176D00628FB6 /* RegionsView.swift */,
				446D5C79284D178A00628FB6 /* RegionsViewCell.swift */,
				44B16E11284D44E8008515F0 /* RegionsViewModel.swift */,
				44B16E13284D4529008515F0 /* RegionCellModel.swift */,
			);
			path = RegionsView;
			sourceTree = "<group>";
		};
		446D5C7D284D194100628FB6 /* SettlementsView */ = {
			isa = PBXGroup;
			children = (
				446D5C7B284D193D00628FB6 /* SettlementsView.swift */,
				446D5C7E284D196C00628FB6 /* SettlementsViewCell.swift */,
				44B16E15284D4A74008515F0 /* SettlementsViewModel.swift */,
				44B16E17284D4A82008515F0 /* SettlementCellModel.swift */,
			);
			path = SettlementsView;
			sourceTree = "<group>";
		};
		446D5C83284D1B6F00628FB6 /* Navigation */ = {
			isa = PBXGroup;
			children = (
				446D5C84284D1B8B00628FB6 /* NavigationController.swift */,
			);
			path = Navigation;
			sourceTree = "<group>";
		};
		446D5C86284D20C100628FB6 /* Parser */ = {
			isa = PBXGroup;
			children = (
				446D5C87284D224300628FB6 /* BasesParser.swift */,
				446D5C90284D24FF00628FB6 /* ParserHelper.swift */,
			);
			path = Parser;
			sourceTree = "<group>";
		};
		446D5C89284D226B00628FB6 /* Enums */ = {
			isa = PBXGroup;
			children = (
				446D5C8A284D229800628FB6 /* Provider.swift */,
				446D5C8C284D22D400628FB6 /* Technolody.swift */,
				446D5C8E284D22FF00628FB6 /* DetailTechonology.swift */,
				44B16E20284D65B5008515F0 /* SortState.swift */,
			);
			path = Enums;
			sourceTree = "<group>";
		};
		446D5C94284D288C00628FB6 /* Extensions */ = {
			isa = PBXGroup;
			children = (
				44B16DFB284D2D1B008515F0 /* Date+Extension.swift */,
				44B16DFD284D2D1B008515F0 /* String+Extension.swift */,
				44B16DFC284D2D1B008515F0 /* UIAplication+Extensions.swift */,
				446D5C92284D288900628FB6 /* Sequence+Extension.swift */,
				44B16E0D284D371D008515F0 /* BaseStationArray+Conversions+Extension.swift */,
				44B16E0F284D3B80008515F0 /* BaseStationArray+Filters+Extension.swift */,
			);
			path = Extensions;
			sourceTree = "<group>";
		};
		44B16DF2284D2BE0008515F0 /* Database */ = {
			isa = PBXGroup;
			children = (
				44B16DF3284D2BEC008515F0 /* Database.swift */,
			);
			path = Database;
			sourceTree = "<group>";
		};
		44B16DF5284D2C7F008515F0 /* Models */ = {
			isa = PBXGroup;
			children = (
				44B16DF6284D2C8B008515F0 /* BaseStation.swift */,
			);
			path = Models;
			sourceTree = "<group>";
		};
		44B16DF8284D2CD4008515F0 /* Mappers */ = {
			isa = PBXGroup;
			children = (
				44B16DF9284D2CE5008515F0 /* ParseMapper.swift */,
				44B16E01284D2D3F008515F0 /* DataMapper.swift */,
			);
			path = Mappers;
			sourceTree = "<group>";
		};
		44B16E03284D2D5A008515F0 /* StringConstants */ = {
			isa = PBXGroup;
			children = (
				44B16E04284D2D66008515F0 /* StringConstants.swift */,
			);
			path = StringConstants;
			sourceTree = "<group>";
		};
		44B16E06284D2F44008515F0 /* DataManagment */ = {
			isa = PBXGroup;
			children = (
				44B16E07284D2F57008515F0 /* BasesController.swift */,
			);
			path = DataManagment;
			sourceTree = "<group>";
		};
		44B16E19284D4F10008515F0 /* Filters */ = {
			isa = PBXGroup;
			children = (
				44B16E1A284D4F35008515F0 /* BaseStationsFilters.swift */,
			);
			path = Filters;
			sourceTree = "<group>";
		};
		44B16E1C284D5DC6008515F0 /* ViewHelper */ = {
			isa = PBXGroup;
			children = (
				44B16E1D284D5DE5008515F0 /* FilterActionSheet.swift */,
				44B16E22284D6667008515F0 /* SortActionSheet.swift */,
			);
			path = ViewHelper;
			sourceTree = "<group>";
		};
		DF93E691EC321796013FEDC8 /* Pods */ = {
			isa = PBXGroup;
			children = (
				FA3BB56DCA8637E57026FCF2 /* Pods-BaseStationLab.debug.xcconfig */,
				9F2BD98DE2BCE43394C55DBC /* Pods-BaseStationLab.release.xcconfig */,
			);
			path = Pods;
			sourceTree = "<group>";
		};
		F5F1D8EBE52E0F602A8DF090 /* Frameworks */ = {
			isa = PBXGroup;
			children = (
				6F13E98E3E2BC474C0D195AF /* Pods_BaseStationLab.framework */,
			);
			name = Frameworks;
			sourceTree = "<group>";
		};
/* End PBXGroup section */

/* Begin PBXNativeTarget section */
		446D5C5E284D106A00628FB6 /* BaseStationLab */ = {
			isa = PBXNativeTarget;
			buildConfigurationList = 446D5C6D284D106A00628FB6 /* Build configuration list for PBXNativeTarget "BaseStationLab" */;
			buildPhases = (
				574FDBA12BC56D086A1F3400 /* [CP] Check Pods Manifest.lock */,
				446D5C5B284D106A00628FB6 /* Sources */,
				446D5C5C284D106A00628FB6 /* Frameworks */,
				446D5C5D284D106A00628FB6 /* Resources */,
				8EA7ED50A500041207715203 /* [CP] Embed Pods Frameworks */,
			);
			buildRules = (
			);
			dependencies = (
			);
			name = BaseStationLab;
			productName = BaseStationLab;
			productReference = 446D5C5F284D106A00628FB6 /* BaseStationLab.app */;
			productType = "com.apple.product-type.application";
		};
/* End PBXNativeTarget section */

/* Begin PBXProject section */
		446D5C57284D106A00628FB6 /* Project object */ = {
			isa = PBXProject;
			attributes = {
				BuildIndependentTargetsInParallel = 1;
				LastSwiftUpdateCheck = 1340;
				LastUpgradeCheck = 1340;
				TargetAttributes = {
					446D5C5E284D106A00628FB6 = {
						CreatedOnToolsVersion = 13.4;
					};
				};
			};
			buildConfigurationList = 446D5C5A284D106A00628FB6 /* Build configuration list for PBXProject "BaseStationLab" */;
			compatibilityVersion = "Xcode 13.0";
			developmentRegion = en;
			hasScannedForEncodings = 0;
			knownRegions = (
				en,
				Base,
			);
			mainGroup = 446D5C56284D106A00628FB6;
			productRefGroup = 446D5C60284D106A00628FB6 /* Products */;
			projectDirPath = "";
			projectRoot = "";
			targets = (
				446D5C5E284D106A00628FB6 /* BaseStationLab */,
			);
		};
/* End PBXProject section */

/* Begin PBXResourcesBuildPhase section */
		446D5C5D284D106A00628FB6 /* Resources */ = {
			isa = PBXResourcesBuildPhase;
			buildActionMask = 2147483647;
			files = (
				446D5C6A284D106A00628FB6 /* Preview Assets.xcassets in Resources */,
				446D5C67284D106A00628FB6 /* Assets.xcassets in Resources */,
			);
			runOnlyForDeploymentPostprocessing = 0;
		};
/* End PBXResourcesBuildPhase section */

/* Begin PBXShellScriptBuildPhase section */
		574FDBA12BC56D086A1F3400 /* [CP] Check Pods Manifest.lock */ = {
			isa = PBXShellScriptBuildPhase;
			buildActionMask = 2147483647;
			files = (
			);
			inputFileListPaths = (
			);
			inputPaths = (
				"${PODS_PODFILE_DIR_PATH}/Podfile.lock",
				"${PODS_ROOT}/Manifest.lock",
			);
			name = "[CP] Check Pods Manifest.lock";
			outputFileListPaths = (
			);
			outputPaths = (
				"$(DERIVED_FILE_DIR)/Pods-BaseStationLab-checkManifestLockResult.txt",
			);
			runOnlyForDeploymentPostprocessing = 0;
			shellPath = /bin/sh;
			shellScript = "diff \"${PODS_PODFILE_DIR_PATH}/Podfile.lock\" \"${PODS_ROOT}/Manifest.lock\" > /dev/null\nif [ $? != 0 ] ; then\n    # print error to STDERR\n    echo \"error: The sandbox is not in sync with the Podfile.lock. Run 'pod install' or update your CocoaPods installation.\" >&2\n    exit 1\nfi\n# This output is used by Xcode 'outputs' to avoid re-running this script phase.\necho \"SUCCESS\" > \"${SCRIPT_OUTPUT_FILE_0}\"\n";
			showEnvVarsInLog = 0;
		};
		8EA7ED50A500041207715203 /* [CP] Embed Pods Frameworks */ = {
			isa = PBXShellScriptBuildPhase;
			buildActionMask = 2147483647;
			files = (
			);
			inputFileListPaths = (
				"${PODS_ROOT}/Target Support Files/Pods-BaseStationLab/Pods-BaseStationLab-frameworks-${CONFIGURATION}-input-files.xcfilelist",
			);
			name = "[CP] Embed Pods Frameworks";
			outputFileListPaths = (
				"${PODS_ROOT}/Target Support Files/Pods-BaseStationLab/Pods-BaseStationLab-frameworks-${CONFIGURATION}-output-files.xcfilelist",
			);
			runOnlyForDeploymentPostprocessing = 0;
			shellPath = /bin/sh;
			shellScript = "\"${PODS_ROOT}/Target Support Files/Pods-BaseStationLab/Pods-BaseStationLab-frameworks.sh\"\n";
			showEnvVarsInLog = 0;
		};
/* End PBXShellScriptBuildPhase section */

/* Begin PBXSourcesBuildPhase section */
		446D5C5B284D106A00628FB6 /* Sources */ = {
			isa = PBXSourcesBuildPhase;
			buildActionMask = 2147483647;
			files = (
				446D5C73284D108300628FB6 /* StartView.swift in Sources */,
				44B16E0A284D336C008515F0 /* StartViewModel.swift in Sources */,
				44B16E02284D2D3F008515F0 /* DataMapper.swift in Sources */,
				446D5C7C284D193D00628FB6 /* SettlementsView.swift in Sources */,
				44B16E23284D6667008515F0 /* SortActionSheet.swift in Sources */,
				446D5C7A284D178A00628FB6 /* RegionsViewCell.swift in Sources */,
				44B16DF4284D2BEC008515F0 /* Database.swift in Sources */,
				446D5C85284D1B8B00628FB6 /* NavigationController.swift in Sources */,
				44B16DFA284D2CE5008515F0 /* ParseMapper.swift in Sources */,
				44B16E10284D3B80008515F0 /* BaseStationArray+Filters+Extension.swift in Sources */,
				446D5C93284D288900628FB6 /* Sequence+Extension.swift in Sources */,
				44B16E0E284D371D008515F0 /* BaseStationArray+Conversions+Extension.swift in Sources */,
				446D5C63284D106A00628FB6 /* BaseStationLabApp.swift in Sources */,
				446D5C91284D24FF00628FB6 /* ParserHelper.swift in Sources */,
				44B16E08284D2F57008515F0 /* BasesController.swift in Sources */,
				446D5C88284D224300628FB6 /* BasesParser.swift in Sources */,
				44B16E1E284D5DE5008515F0 /* FilterActionSheet.swift in Sources */,
				44B16DF7284D2C8B008515F0 /* BaseStation.swift in Sources */,
				44B16E05284D2D66008515F0 /* StringConstants.swift in Sources */,
				446D5C75284D10A200628FB6 /* StartViewCell.swift in Sources */,
				44B16E00284D2D1B008515F0 /* String+Extension.swift in Sources */,
				44B16E0C284D33F6008515F0 /* StartCellModel.swift in Sources */,
				44B16E18284D4A82008515F0 /* SettlementCellModel.swift in Sources */,
				446D5C77284D176D00628FB6 /* RegionsView.swift in Sources */,
				44B16DFE284D2D1B008515F0 /* Date+Extension.swift in Sources */,
				44B16E16284D4A74008515F0 /* SettlementsViewModel.swift in Sources */,
				44B16E14284D4529008515F0 /* RegionCellModel.swift in Sources */,
				44B16DFF284D2D1B008515F0 /* UIAplication+Extensions.swift in Sources */,
				44B16E21284D65B5008515F0 /* SortState.swift in Sources */,
				446D5C8F284D22FF00628FB6 /* DetailTechonology.swift in Sources */,
				44B16E12284D44E8008515F0 /* RegionsViewModel.swift in Sources */,
				446D5C8D284D22D400628FB6 /* Technolody.swift in Sources */,
				44B16E1B284D4F35008515F0 /* BaseStationsFilters.swift in Sources */,
				446D5C8B284D229800628FB6 /* Provider.swift in Sources */,
				446D5C7F284D196C00628FB6 /* SettlementsViewCell.swift in Sources */,
			);
			runOnlyForDeploymentPostprocessing = 0;
		};
/* End PBXSourcesBuildPhase section */

/* Begin XCBuildConfiguration section */
		446D5C6B284D106A00628FB6 /* Debug */ = {
			isa = XCBuildConfiguration;
			buildSettings = {
				ALWAYS_SEARCH_USER_PATHS = NO;
				CLANG_ANALYZER_NONNULL = YES;
				CLANG_ANALYZER_NUMBER_OBJECT_CONVERSION = YES_AGGRESSIVE;
				CLANG_CXX_LANGUAGE_STANDARD = "gnu++17";
				CLANG_ENABLE_MODULES = YES;
				CLANG_ENABLE_OBJC_ARC = YES;
				CLANG_ENABLE_OBJC_WEAK = YES;
				CLANG_WARN_BLOCK_CAPTURE_AUTORELEASING = YES;
				CLANG_WARN_BOOL_CONVERSION = YES;
				CLANG_WARN_COMMA = YES;
				CLANG_WARN_CONSTANT_CONVERSION = YES;
				CLANG_WARN_DEPRECATED_OBJC_IMPLEMENTATIONS = YES;
				CLANG_WARN_DIRECT_OBJC_ISA_USAGE = YES_ERROR;
				CLANG_WARN_DOCUMENTATION_COMMENTS = YES;
				CLANG_WARN_EMPTY_BODY = YES;
				CLANG_WARN_ENUM_CONVERSION = YES;
				CLANG_WARN_INFINITE_RECURSION = YES;
				CLANG_WARN_INT_CONVERSION = YES;
				CLANG_WARN_NON_LITERAL_NULL_CONVERSION = YES;
				CLANG_WARN_OBJC_IMPLICIT_RETAIN_SELF = YES;
				CLANG_WARN_OBJC_LITERAL_CONVERSION = YES;
				CLANG_WARN_OBJC_ROOT_CLASS = YES_ERROR;
				CLANG_WARN_QUOTED_INCLUDE_IN_FRAMEWORK_HEADER = YES;
				CLANG_WARN_RANGE_LOOP_ANALYSIS = YES;
				CLANG_WARN_STRICT_PROTOTYPES = YES;
				CLANG_WARN_SUSPICIOUS_MOVE = YES;
				CLANG_WARN_UNGUARDED_AVAILABILITY = YES_AGGRESSIVE;
				CLANG_WARN_UNREACHABLE_CODE = YES;
				CLANG_WARN__DUPLICATE_METHOD_MATCH = YES;
				COPY_PHASE_STRIP = NO;
				DEBUG_INFORMATION_FORMAT = dwarf;
				ENABLE_STRICT_OBJC_MSGSEND = YES;
				ENABLE_TESTABILITY = YES;
				GCC_C_LANGUAGE_STANDARD = gnu11;
				GCC_DYNAMIC_NO_PIC = NO;
				GCC_NO_COMMON_BLOCKS = YES;
				GCC_OPTIMIZATION_LEVEL = 0;
				GCC_PREPROCESSOR_DEFINITIONS = (
					"DEBUG=1",
					"$(inherited)",
				);
				GCC_WARN_64_TO_32_BIT_CONVERSION = YES;
				GCC_WARN_ABOUT_RETURN_TYPE = YES_ERROR;
				GCC_WARN_UNDECLARED_SELECTOR = YES;
				GCC_WARN_UNINITIALIZED_AUTOS = YES_AGGRESSIVE;
				GCC_WARN_UNUSED_FUNCTION = YES;
				GCC_WARN_UNUSED_VARIABLE = YES;
				IPHONEOS_DEPLOYMENT_TARGET = 15.5;
				MTL_ENABLE_DEBUG_INFO = INCLUDE_SOURCE;
				MTL_FAST_MATH = YES;
				ONLY_ACTIVE_ARCH = YES;
				SDKROOT = iphoneos;
				SWIFT_ACTIVE_COMPILATION_CONDITIONS = DEBUG;
				SWIFT_OPTIMIZATION_LEVEL = "-Onone";
			};
			name = Debug;
		};
		446D5C6C284D106A00628FB6 /* Release */ = {
			isa = XCBuildConfiguration;
			buildSettings = {
				ALWAYS_SEARCH_USER_PATHS = NO;
				CLANG_ANALYZER_NONNULL = YES;
				CLANG_ANALYZER_NUMBER_OBJECT_CONVERSION = YES_AGGRESSIVE;
				CLANG_CXX_LANGUAGE_STANDARD = "gnu++17";
				CLANG_ENABLE_MODULES = YES;
				CLANG_ENABLE_OBJC_ARC = YES;
				CLANG_ENABLE_OBJC_WEAK = YES;
				CLANG_WARN_BLOCK_CAPTURE_AUTORELEASING = YES;
				CLANG_WARN_BOOL_CONVERSION = YES;
				CLANG_WARN_COMMA = YES;
				CLANG_WARN_CONSTANT_CONVERSION = YES;
				CLANG_WARN_DEPRECATED_OBJC_IMPLEMENTATIONS = YES;
				CLANG_WARN_DIRECT_OBJC_ISA_USAGE = YES_ERROR;
				CLANG_WARN_DOCUMENTATION_COMMENTS = YES;
				CLANG_WARN_EMPTY_BODY = YES;
				CLANG_WARN_ENUM_CONVERSION = YES;
				CLANG_WARN_INFINITE_RECURSION = YES;
				CLANG_WARN_INT_CONVERSION = YES;
				CLANG_WARN_NON_LITERAL_NULL_CONVERSION = YES;
				CLANG_WARN_OBJC_IMPLICIT_RETAIN_SELF = YES;
				CLANG_WARN_OBJC_LITERAL_CONVERSION = YES;
				CLANG_WARN_OBJC_ROOT_CLASS = YES_ERROR;
				CLANG_WARN_QUOTED_INCLUDE_IN_FRAMEWORK_HEADER = YES;
				CLANG_WARN_RANGE_LOOP_ANALYSIS = YES;
				CLANG_WARN_STRICT_PROTOTYPES = YES;
				CLANG_WARN_SUSPICIOUS_MOVE = YES;
				CLANG_WARN_UNGUARDED_AVAILABILITY = YES_AGGRESSIVE;
				CLANG_WARN_UNREACHABLE_CODE = YES;
				CLANG_WARN__DUPLICATE_METHOD_MATCH = YES;
				COPY_PHASE_STRIP = NO;
				DEBUG_INFORMATION_FORMAT = "dwarf-with-dsym";
				ENABLE_NS_ASSERTIONS = NO;
				ENABLE_STRICT_OBJC_MSGSEND = YES;
				GCC_C_LANGUAGE_STANDARD = gnu11;
				GCC_NO_COMMON_BLOCKS = YES;
				GCC_WARN_64_TO_32_BIT_CONVERSION = YES;
				GCC_WARN_ABOUT_RETURN_TYPE = YES_ERROR;
				GCC_WARN_UNDECLARED_SELECTOR = YES;
				GCC_WARN_UNINITIALIZED_AUTOS = YES_AGGRESSIVE;
				GCC_WARN_UNUSED_FUNCTION = YES;
				GCC_WARN_UNUSED_VARIABLE = YES;
				IPHONEOS_DEPLOYMENT_TARGET = 15.5;
				MTL_ENABLE_DEBUG_INFO = NO;
				MTL_FAST_MATH = YES;
				SDKROOT = iphoneos;
				SWIFT_COMPILATION_MODE = wholemodule;
				SWIFT_OPTIMIZATION_LEVEL = "-O";
				VALIDATE_PRODUCT = YES;
			};
			name = Release;
		};
		446D5C6E284D106A00628FB6 /* Debug */ = {
			isa = XCBuildConfiguration;
			baseConfigurationReference = FA3BB56DCA8637E57026FCF2 /* Pods-BaseStationLab.debug.xcconfig */;
			buildSettings = {
				ASSETCATALOG_COMPILER_APPICON_NAME = AppIcon;
				ASSETCATALOG_COMPILER_GLOBAL_ACCENT_COLOR_NAME = AccentColor;
				CODE_SIGN_STYLE = Automatic;
				CURRENT_PROJECT_VERSION = 1;
				DEVELOPMENT_ASSET_PATHS = "\"BaseStationLab/Preview Content\"";
				DEVELOPMENT_TEAM = 3AS2F5LNQX;
				ENABLE_PREVIEWS = YES;
				GENERATE_INFOPLIST_FILE = YES;
				INFOPLIST_KEY_UIApplicationSceneManifest_Generation = YES;
				INFOPLIST_KEY_UIApplicationSupportsIndirectInputEvents = YES;
				INFOPLIST_KEY_UILaunchScreen_Generation = YES;
				INFOPLIST_KEY_UISupportedInterfaceOrientations_iPad = "UIInterfaceOrientationPortrait UIInterfaceOrientationPortraitUpsideDown UIInterfaceOrientationLandscapeLeft UIInterfaceOrientationLandscapeRight";
				INFOPLIST_KEY_UISupportedInterfaceOrientations_iPhone = "UIInterfaceOrientationPortrait UIInterfaceOrientationLandscapeLeft UIInterfaceOrientationLandscapeRight";
				LD_RUNPATH_SEARCH_PATHS = (
					"$(inherited)",
					"@executable_path/Frameworks",
				);
				MARKETING_VERSION = 1.0;
				PRODUCT_BUNDLE_IDENTIFIER = dudec.BaseStationLab;
				PRODUCT_NAME = "$(TARGET_NAME)";
				SWIFT_EMIT_LOC_STRINGS = YES;
				SWIFT_VERSION = 5.0;
				TARGETED_DEVICE_FAMILY = "1,2";
			};
			name = Debug;
		};
		446D5C6F284D106A00628FB6 /* Release */ = {
			isa = XCBuildConfiguration;
			baseConfigurationReference = 9F2BD98DE2BCE43394C55DBC /* Pods-BaseStationLab.release.xcconfig */;
			buildSettings = {
				ASSETCATALOG_COMPILER_APPICON_NAME = AppIcon;
				ASSETCATALOG_COMPILER_GLOBAL_ACCENT_COLOR_NAME = AccentColor;
				CODE_SIGN_STYLE = Automatic;
				CURRENT_PROJECT_VERSION = 1;
				DEVELOPMENT_ASSET_PATHS = "\"BaseStationLab/Preview Content\"";
				DEVELOPMENT_TEAM = 3AS2F5LNQX;
				ENABLE_PREVIEWS = YES;
				GENERATE_INFOPLIST_FILE = YES;
				INFOPLIST_KEY_UIApplicationSceneManifest_Generation = YES;
				INFOPLIST_KEY_UIApplicationSupportsIndirectInputEvents = YES;
				INFOPLIST_KEY_UILaunchScreen_Generation = YES;
				INFOPLIST_KEY_UISupportedInterfaceOrientations_iPad = "UIInterfaceOrientationPortrait UIInterfaceOrientationPortraitUpsideDown UIInterfaceOrientationLandscapeLeft UIInterfaceOrientationLandscapeRight";
				INFOPLIST_KEY_UISupportedInterfaceOrientations_iPhone = "UIInterfaceOrientationPortrait UIInterfaceOrientationLandscapeLeft UIInterfaceOrientationLandscapeRight";
				LD_RUNPATH_SEARCH_PATHS = (
					"$(inherited)",
					"@executable_path/Frameworks",
				);
				MARKETING_VERSION = 1.0;
				PRODUCT_BUNDLE_IDENTIFIER = dudec.BaseStationLab;
				PRODUCT_NAME = "$(TARGET_NAME)";
				SWIFT_EMIT_LOC_STRINGS = YES;
				SWIFT_VERSION = 5.0;
				TARGETED_DEVICE_FAMILY = "1,2";
			};
			name = Release;
		};
/* End XCBuildConfiguration section */

/* Begin XCConfigurationList section */
		446D5C5A284D106A00628FB6 /* Build configuration list for PBXProject "BaseStationLab" */ = {
			isa = XCConfigurationList;
			buildConfigurations = (
				446D5C6B284D106A00628FB6 /* Debug */,
				446D5C6C284D106A00628FB6 /* Release */,
			);
			defaultConfigurationIsVisible = 0;
			defaultConfigurationName = Release;
		};
		446D5C6D284D106A00628FB6 /* Build configuration list for PBXNativeTarget "BaseStationLab" */ = {
			isa = XCConfigurationList;
			buildConfigurations = (
				446D5C6E284D106A00628FB6 /* Debug */,
				446D5C6F284D106A00628FB6 /* Release */,
			);
			defaultConfigurationIsVisible = 0;
			defaultConfigurationName = Release;
		};
/* End XCConfigurationList section */
	};
	rootObject = 446D5C57284D106A00628FB6 /* Project object */;
}
